
Microsoft Visual Studio Solution File, Format Version 12.00
# Visual Studio Version 17
VisualStudioVersion = 17.8.34330.188
MinimumVisualStudioVersion = 10.0.40219.1
Project("{FAE04EC0-301F-11D3-BF4B-00C04F79EFBC}") = "TipTime", "TipTime\TipTime.csproj", "{BFA1FDE7-F14A-4353-8752-13C63EA6C9E0}"
EndProject
Global
	GlobalSection(SolutionConfigurationPlatforms) = preSolution
		Debug|Any CPU = Debug|Any CPU
		Release|Any CPU = Release|Any CPU
	EndGlobalSection
	GlobalSection(ProjectConfigurationPlatforms) = postSolution
		{BFA1FDE7-F14A-4353-8752-13C63EA6C9E0}.Debug|Any CPU.ActiveCfg = Debug|Any CPU
		{BFA1FDE7-F14A-4353-8752-13C63EA6C9E0}.Debug|Any CPU.Build.0 = Debug|Any CPU
		{BFA1FDE7-F14A-4353-8752-13C63EA6C9E0}.Debug|Any CPU.Deploy.0 = Debug|Any CPU
		{BFA1FDE7-F14A-4353-8752-13C63EA6C9E0}.Release|Any CPU.ActiveCfg = Release|Any CPU
		{BFA1FDE7-F14A-4353-8752-13C63EA6C9E0}.Release|Any CPU.Build.0 = Release|Any CPU
		{BFA1FDE7-F14A-4353-8752-13C63EA6C9E0}.Release|Any CPU.Deploy.0 = Release|Any CPU
	EndGlobalSection
	GlobalSection(SolutionProperties) = preSolution
		HideSolutionNode = FALSE
	EndGlobalSection
	GlobalSection(ExtensibilityGlobals) = postSolution
		SolutionGuid = {3E510D81-8DE4-4AF6-8ED5-D6ED73996F47}
	EndGlobalSection
EndGlobal
